{
  "name": "departmentsapp",
  "version": "1.0.0",
  "lockfileVersion": 1,
  "requires": true,
  "dependencies": {
    "jqtree": {
      "version": "1.4.11",
      "resolved": "https://registry.npmjs.org/jqtree/-/jqtree-1.4.11.tgz",
      "integrity": "sha512-gTiB+u9I4hDvhtDgnPW7NzDe5figYflIpdzbXcPtbPswgXbqgyDTKqP2+THri0Eahd1Dqf+6PPz72mjGhz7DLQ==",
      "requires": {
        "jquery": ">=1.9"
      }
    },
    "jquery": {
      "version": "3.4.1",
      "resolved": "https://registry.npmjs.org/jquery/-/jquery-3.4.1.tgz",
      "integrity": "sha512-36+AdBzCL+y6qjw5Tx7HgzeGCzC81MDDgaUP8ld2zhx58HdqXGoBd+tHdrBMiyjGQs0Hxs/MLZTu/eHNJJuWPw=="
    }
  }
}
